// !$*UTF8*$!
{
	archiveVersion = 1;
	classes = {
	};
	objectVersion = 52;
	objects = {

/* Begin PBXBuildFile section */
		DC4D6DD425710B410087E51D /* MainConfiguration.swift in Sources */ = {isa = PBXBuildFile; fileRef = DC4D6DD325710B410087E51D /* MainConfiguration.swift */; };
		DC4D6DDF25713CCD0087E51D /* AccessoryDelegate.swift in Sources */ = {isa = PBXBuildFile; fileRef = DCFD428D24FAB5A8000320E0 /* AccessoryDelegate.swift */; };
		DC4D6DE225713CD00087E51D /* DimmableLight.swift in Sources */ = {isa = PBXBuildFile; fileRef = DC23DF8C24E73F8600DD8371 /* DimmableLight.swift */; };
		DC4D6DE525713CD40087E51D /* Light.swift in Sources */ = {isa = PBXBuildFile; fileRef = DC23DF8E24E73FB900DD8371 /* Light.swift */; };
		DC4D6DE825713CD70087E51D /* WindowCovering.swift in Sources */ = {isa = PBXBuildFile; fileRef = DC23DF9024E73FE300DD8371 /* WindowCovering.swift */; };
		DC4D6DEB25713CDA0087E51D /* GarageDoor.swift in Sources */ = {isa = PBXBuildFile; fileRef = DC9EFF2024F312F0001B70EE /* GarageDoor.swift */; };
		DC4D6DEE25713CDE0087E51D /* DoorLock.swift in Sources */ = {isa = PBXBuildFile; fileRef = DC9EFF2224F3131F001B70EE /* DoorLock.swift */; };
		DC4D6DF125713CE10087E51D /* Outlet.swift in Sources */ = {isa = PBXBuildFile; fileRef = DC23DF9224E7400D00DD8371 /* Outlet.swift */; };
		DC4D6DF425713D2F0087E51D /* SmartSprinklerDriver.swift in Sources */ = {isa = PBXBuildFile; fileRef = DC9A493F253F97820041DF0B /* SmartSprinklerDriver.swift */; };
		DC4D6DF725713D320087E51D /* SiriDriver.swift in Sources */ = {isa = PBXBuildFile; fileRef = DC197CA124D9A67F00C07E90 /* SiriDriver.swift */; };
		DC4D6DFA25713D350087E51D /* AppleScriptDriver.swift in Sources */ = {isa = PBXBuildFile; fileRef = DC197CA324D9A67F00C07E90 /* AppleScriptDriver.swift */; };
		DC4D6DFD25713D390087E51D /* LeafDelegate.swift in Sources */ = {isa = PBXBuildFile; fileRef = DC23DF8924E7322300DD8371 /* LeafDelegate.swift */; };
		DC4D6E0025713D3C0087E51D /* YASDIDelegate.swift in Sources */ = {isa = PBXBuildFile; fileRef = DC197CA024D9A67F00C07E90 /* YASDIDelegate.swift */; };
		DC4D6E0B25713E6F0087E51D /* TizenDelegate.swift in Sources */ = {isa = PBXBuildFile; fileRef = DC5A4C2324D9A952001CF95B /* TizenDelegate.swift */; };
		DC4D6E0E25713E720087E51D /* MilightDelegate.swift in Sources */ = {isa = PBXBuildFile; fileRef = DC197CAA24D9A74300C07E90 /* MilightDelegate.swift */; };
		DC4D6E1425713E870087E51D /* PowerInverter.swift in Sources */ = {isa = PBXBuildFile; fileRef = DCD9182223B5715000C81EB5 /* PowerInverter.swift */; };
		DC4E82B825AD93FA00A6043E /* Preview Assets.xcassets in Resources */ = {isa = PBXBuildFile; fileRef = DC4E82B725AD93FA00A6043E /* Preview Assets.xcassets */; };
		DC54B6BE2570586D00D9169F /* HAPiNestApp.swift in Sources */ = {isa = PBXBuildFile; fileRef = DC54B6BD2570586D00D9169F /* HAPiNestApp.swift */; };
		DC54B6C02570586D00D9169F /* DashboardView.swift in Sources */ = {isa = PBXBuildFile; fileRef = DC54B6BF2570586D00D9169F /* DashboardView.swift */; };
		DC54B6C22570586E00D9169F /* Assets.xcassets in Resources */ = {isa = PBXBuildFile; fileRef = DC54B6C12570586E00D9169F /* Assets.xcassets */; };
		DC54B6D82570619800D9169F /* AppleScriptDriver in Frameworks */ = {isa = PBXBuildFile; productRef = DC54B6D72570619800D9169F /* AppleScriptDriver */; };
		DC54B6DC2570619800D9169F /* JVCocoa in Frameworks */ = {isa = PBXBuildFile; productRef = DC54B6DB2570619800D9169F /* JVCocoa */; };
		DC54B6DE2570619800D9169F /* LeafDriver in Frameworks */ = {isa = PBXBuildFile; productRef = DC54B6DD2570619800D9169F /* LeafDriver */; };
		DC54B6E02570619800D9169F /* MilightDriver in Frameworks */ = {isa = PBXBuildFile; productRef = DC54B6DF2570619800D9169F /* MilightDriver */; };
		DC54B6E22570619800D9169F /* ModbusDriver in Frameworks */ = {isa = PBXBuildFile; productRef = DC54B6E12570619800D9169F /* ModbusDriver */; };
		DC54B6E42570619800D9169F /* OpenWeatherReporter in Frameworks */ = {isa = PBXBuildFile; productRef = DC54B6E32570619800D9169F /* OpenWeatherReporter */; };
		DC54B6E62570619800D9169F /* SiriDriver in Frameworks */ = {isa = PBXBuildFile; productRef = DC54B6E52570619800D9169F /* SiriDriver */; };
		DC54B6E82570619800D9169F /* SoftPLC in Frameworks */ = {isa = PBXBuildFile; productRef = DC54B6E72570619800D9169F /* SoftPLC */; };
		DC54B6EA2570619800D9169F /* TizenDriver in Frameworks */ = {isa = PBXBuildFile; productRef = DC54B6E92570619800D9169F /* TizenDriver */; };
		DC54B6EC2570619800D9169F /* YASDIDriver in Frameworks */ = {isa = PBXBuildFile; productRef = DC54B6EB2570619800D9169F /* YASDIDriver */; };
		DC54B6F12570628700D9169F /* Bridge.swift in Sources */ = {isa = PBXBuildFile; fileRef = DCFCB79A2381AFEB0066E00B /* Bridge.swift */; };
		DC54B6F42570628B00D9169F /* HomeKitServer.swift in Sources */ = {isa = PBXBuildFile; fileRef = DCCBA6FC23755BB0002F6854 /* HomeKitServer.swift */; };
		DC54B6F72570628E00D9169F /* ServerView.swift in Sources */ = {isa = PBXBuildFile; fileRef = DC3626EF256D9B0800F0AC35 /* ServerView.swift */; };
		DC54B6FD2570686D00D9169F /* PLCConfiguration.swift in Sources */ = {isa = PBXBuildFile; fileRef = DC23DF9424E7499A00DD8371 /* PLCConfiguration.swift */; };
		DC54FA9D25B1207D00F9334C /* YASDIaccessory.swift in Sources */ = {isa = PBXBuildFile; fileRef = DC54FA9C25B1207D00F9334C /* YASDIaccessory.swift */; };
		DC5B1CC225842164004A5FD7 /* HAP in Frameworks */ = {isa = PBXBuildFile; productRef = DC5B1CC125842164004A5FD7 /* HAP */; };
		DC746D7325ACA97A00B33314 /* SprinklerAccessory.swift in Sources */ = {isa = PBXBuildFile; fileRef = DC746D7225ACA97A00B33314 /* SprinklerAccessory.swift */; };
		DC74B24225C57BFD0039E229 /* LeafDriver in Frameworks */ = {isa = PBXBuildFile; productRef = DC74B24125C57BFD0039E229 /* LeafDriver */; };
		DC8B28F52597C77B00266BD3 /* PulsOperatedCircuit.swift in Sources */ = {isa = PBXBuildFile; fileRef = DC8B28F42597C77B00266BD3 /* PulsOperatedCircuit.swift */; };
		DC8D0F69259DAA6A00DD04E4 /* Switch.swift in Sources */ = {isa = PBXBuildFile; fileRef = DC8D0F68259DAA6A00DD04E4 /* Switch.swift */; };
		DCC01B5825B434BC00984BB5 /* SmartSprinkler.swift in Sources */ = {isa = PBXBuildFile; fileRef = DCC01B5725B434BC00984BB5 /* SmartSprinkler.swift */; };
		DCCBE29C25B8B7D800BAED50 /* ToggleableOutlet.swift in Sources */ = {isa = PBXBuildFile; fileRef = DCCBE29B25B8B7D800BAED50 /* ToggleableOutlet.swift */; };
		DCD1231025ACE01C00060708 /* StatelessGarageDoorOpenerAccessory.swift in Sources */ = {isa = PBXBuildFile; fileRef = DCD1230F25ACE01C00060708 /* StatelessGarageDoorOpenerAccessory.swift */; };
		DCFB4E0E258FFE8B007A812D /* Cryptor in Frameworks */ = {isa = PBXBuildFile; productRef = DCFB4E0D258FFE8B007A812D /* Cryptor */; };
/* End PBXBuildFile section */

/* Begin PBXFileReference section */
		DC197CA024D9A67F00C07E90 /* YASDIDelegate.swift */ = {isa = PBXFileReference; fileEncoding = 4; lastKnownFileType = sourcecode.swift; path = YASDIDelegate.swift; sourceTree = "<group>"; };
		DC197CA124D9A67F00C07E90 /* SiriDriver.swift */ = {isa = PBXFileReference; fileEncoding = 4; lastKnownFileType = sourcecode.swift; path = SiriDriver.swift; sourceTree = "<group>"; };
		DC197CA324D9A67F00C07E90 /* AppleScriptDriver.swift */ = {isa = PBXFileReference; fileEncoding = 4; lastKnownFileType = sourcecode.swift; path = AppleScriptDriver.swift; sourceTree = "<group>"; };
		DC197CAA24D9A74300C07E90 /* MilightDelegate.swift */ = {isa = PBXFileReference; fileEncoding = 4; lastKnownFileType = sourcecode.swift; path = MilightDelegate.swift; sourceTree = "<group>"; };
		DC218A182409A63700494074 /* TizenDriver */ = {isa = PBXFileReference; lastKnownFileType = folder; name = TizenDriver; path = ../Drivers/TizenDriver; sourceTree = "<group>"; };
		DC23DF8924E7322300DD8371 /* LeafDelegate.swift */ = {isa = PBXFileReference; lastKnownFileType = sourcecode.swift; path = LeafDelegate.swift; sourceTree = "<group>"; };
		DC23DF8C24E73F8600DD8371 /* DimmableLight.swift */ = {isa = PBXFileReference; lastKnownFileType = sourcecode.swift; path = DimmableLight.swift; sourceTree = "<group>"; };
		DC23DF8E24E73FB900DD8371 /* Light.swift */ = {isa = PBXFileReference; lastKnownFileType = sourcecode.swift; path = Light.swift; sourceTree = "<group>"; };
		DC23DF9024E73FE300DD8371 /* WindowCovering.swift */ = {isa = PBXFileReference; lastKnownFileType = sourcecode.swift; path = WindowCovering.swift; sourceTree = "<group>"; };
		DC23DF9224E7400D00DD8371 /* Outlet.swift */ = {isa = PBXFileReference; lastKnownFileType = sourcecode.swift; path = Outlet.swift; sourceTree = "<group>"; };
		DC23DF9424E7499A00DD8371 /* PLCConfiguration.swift */ = {isa = PBXFileReference; lastKnownFileType = sourcecode.swift; path = PLCConfiguration.swift; sourceTree = "<group>"; };
		DC23DF9A24E835E500DD8371 /* SoftPLC */ = {isa = PBXFileReference; lastKnownFileType = folder; name = SoftPLC; path = ../SoftPLC; sourceTree = "<group>"; };
		DC23DF9B24E8379500DD8371 /* ModbusDriver */ = {isa = PBXFileReference; lastKnownFileType = folder; name = ModbusDriver; path = ../Drivers/ModbusDriver; sourceTree = "<group>"; };
		DC2B8D8624DC799E00F159AC /* HomekitConfiguratorApp.swift */ = {isa = PBXFileReference; lastKnownFileType = sourcecode.swift; path = HomekitConfiguratorApp.swift; sourceTree = "<group>"; };
		DC2B8D8724DC799E00F159AC /* ContentView.swift */ = {isa = PBXFileReference; lastKnownFileType = sourcecode.swift; path = ContentView.swift; sourceTree = "<group>"; };
		DC2B8D8824DC799F00F159AC /* Assets.xcassets */ = {isa = PBXFileReference; lastKnownFileType = folder.assetcatalog; path = Assets.xcassets; sourceTree = "<group>"; };
		DC2B8D8F24DC799F00F159AC /* Info.plist */ = {isa = PBXFileReference; lastKnownFileType = text.plist.xml; path = Info.plist; sourceTree = "<group>"; };
		DC2B8D9624DC799F00F159AC /* Info.plist */ = {isa = PBXFileReference; lastKnownFileType = text.plist.xml; path = Info.plist; sourceTree = "<group>"; };
		DC2B8D9724DC799F00F159AC /* macOS.entitlements */ = {isa = PBXFileReference; lastKnownFileType = text.plist.entitlements; path = macOS.entitlements; sourceTree = "<group>"; };
		DC2B8DA524DC79B600F159AC /* HomeKit.framework */ = {isa = PBXFileReference; lastKnownFileType = wrapper.framework; name = HomeKit.framework; path = Platforms/iPhoneOS.platform/Developer/SDKs/iPhoneOS14.0.sdk/System/Library/Frameworks/HomeKit.framework; sourceTree = DEVELOPER_DIR; };
		DC3626EF256D9B0800F0AC35 /* ServerView.swift */ = {isa = PBXFileReference; lastKnownFileType = sourcecode.swift; path = ServerView.swift; sourceTree = "<group>"; };
		DC39A15D253E3FB400839AAD /* OpenWeatherReporter */ = {isa = PBXFileReference; lastKnownFileType = folder; name = OpenWeatherReporter; path = ../OpenWeatherReporter; sourceTree = "<group>"; };
		DC3C2E0F24A2A8F400A824B3 /* MilightDriver */ = {isa = PBXFileReference; lastKnownFileType = folder; name = MilightDriver; path = ../Drivers/MilightDriver; sourceTree = "<group>"; };
		DC3C2E1024A2A90900A824B3 /* AppleScriptDriver */ = {isa = PBXFileReference; lastKnownFileType = folder; name = AppleScriptDriver; path = ../Drivers/AppleScriptDriver; sourceTree = "<group>"; };
		DC4D0CCF25ADEE9900F89989 /* Points of attention.md */ = {isa = PBXFileReference; lastKnownFileType = net.daringfireball.markdown; path = "Points of attention.md"; sourceTree = "<group>"; };
		DC4D6DD325710B410087E51D /* MainConfiguration.swift */ = {isa = PBXFileReference; lastKnownFileType = sourcecode.swift; path = MainConfiguration.swift; sourceTree = "<group>"; };
		DC4E82B725AD93FA00A6043E /* Preview Assets.xcassets */ = {isa = PBXFileReference; lastKnownFileType = folder.assetcatalog; path = "Preview Assets.xcassets"; sourceTree = "<group>"; };
		DC53018A23B7CC7300982C43 /* homekit-180.png */ = {isa = PBXFileReference; lastKnownFileType = image.png; path = "homekit-180.png"; sourceTree = "<group>"; };
		DC54B6BB2570586D00D9169F /* HAPiNest.app */ = {isa = PBXFileReference; explicitFileType = wrapper.application; includeInIndex = 0; path = HAPiNest.app; sourceTree = BUILT_PRODUCTS_DIR; };
		DC54B6BD2570586D00D9169F /* HAPiNestApp.swift */ = {isa = PBXFileReference; lastKnownFileType = sourcecode.swift; path = HAPiNestApp.swift; sourceTree = "<group>"; };
		DC54B6BF2570586D00D9169F /* DashboardView.swift */ = {isa = PBXFileReference; lastKnownFileType = sourcecode.swift; path = DashboardView.swift; sourceTree = "<group>"; };
		DC54B6C12570586E00D9169F /* Assets.xcassets */ = {isa = PBXFileReference; lastKnownFileType = folder.assetcatalog; path = Assets.xcassets; sourceTree = "<group>"; };
		DC54B6C62570586E00D9169F /* Info.plist */ = {isa = PBXFileReference; lastKnownFileType = text.plist.xml; path = Info.plist; sourceTree = "<group>"; };
		DC54B6C72570586E00D9169F /* HAPiNest.entitlements */ = {isa = PBXFileReference; lastKnownFileType = text.plist.entitlements; path = HAPiNest.entitlements; sourceTree = "<group>"; };
		DC54FA9C25B1207D00F9334C /* YASDIaccessory.swift */ = {isa = PBXFileReference; lastKnownFileType = sourcecode.swift; path = YASDIaccessory.swift; sourceTree = "<group>"; };
		DC5A4C2324D9A952001CF95B /* TizenDelegate.swift */ = {isa = PBXFileReference; fileEncoding = 4; lastKnownFileType = sourcecode.swift; path = TizenDelegate.swift; sourceTree = "<group>"; };
		DC6E461523B75BF8006A3E61 /* ToDo.md */ = {isa = PBXFileReference; lastKnownFileType = net.daringfireball.markdown; path = ToDo.md; sourceTree = "<group>"; };
		DC6F65A0242C0E8F0045B716 /* LeafDriver */ = {isa = PBXFileReference; lastKnownFileType = folder; name = LeafDriver; path = ../Drivers/LeafDriver; sourceTree = "<group>"; };
		DC72B697245F740300D8045E /* JVCocoa */ = {isa = PBXFileReference; lastKnownFileType = folder; name = JVCocoa; path = ../../JVCocoa; sourceTree = "<group>"; };
		DC746D7225ACA97A00B33314 /* SprinklerAccessory.swift */ = {isa = PBXFileReference; lastKnownFileType = sourcecode.swift; path = SprinklerAccessory.swift; sourceTree = "<group>"; };
		DC76ED542588405F00824159 /* HAPiNestMPApp.swift */ = {isa = PBXFileReference; lastKnownFileType = sourcecode.swift; path = HAPiNestMPApp.swift; sourceTree = "<group>"; };
		DC76ED552588405F00824159 /* ContentView.swift */ = {isa = PBXFileReference; lastKnownFileType = sourcecode.swift; path = ContentView.swift; sourceTree = "<group>"; };
		DC76ED562588406000824159 /* Assets.xcassets */ = {isa = PBXFileReference; lastKnownFileType = folder.assetcatalog; path = Assets.xcassets; sourceTree = "<group>"; };
		DC76ED5D2588406000824159 /* Info.plist */ = {isa = PBXFileReference; lastKnownFileType = text.plist.xml; path = Info.plist; sourceTree = "<group>"; };
		DC76ED642588406000824159 /* Info.plist */ = {isa = PBXFileReference; lastKnownFileType = text.plist.xml; path = Info.plist; sourceTree = "<group>"; };
		DC76ED652588406000824159 /* macOS.entitlements */ = {isa = PBXFileReference; lastKnownFileType = text.plist.entitlements; path = macOS.entitlements; sourceTree = "<group>"; };
		DC8B28F42597C77B00266BD3 /* PulsOperatedCircuit.swift */ = {isa = PBXFileReference; lastKnownFileType = sourcecode.swift; path = PulsOperatedCircuit.swift; sourceTree = "<group>"; };
		DC8D0F68259DAA6A00DD04E4 /* Switch.swift */ = {isa = PBXFileReference; lastKnownFileType = sourcecode.swift; path = Switch.swift; sourceTree = "<group>"; };
		DC9A493F253F97820041DF0B /* SmartSprinklerDriver.swift */ = {isa = PBXFileReference; lastKnownFileType = sourcecode.swift; path = SmartSprinklerDriver.swift; sourceTree = "<group>"; };
		DC9BF36D2403255E00B9159F /* YASDIDriver */ = {isa = PBXFileReference; lastKnownFileType = folder; name = YASDIDriver; path = ../Drivers/YASDIDriver; sourceTree = "<group>"; };
		DC9EFF2024F312F0001B70EE /* GarageDoor.swift */ = {isa = PBXFileReference; lastKnownFileType = sourcecode.swift; path = GarageDoor.swift; sourceTree = "<group>"; };
		DC9EFF2224F3131F001B70EE /* DoorLock.swift */ = {isa = PBXFileReference; lastKnownFileType = sourcecode.swift; path = DoorLock.swift; sourceTree = "<group>"; };
		DCA9CBE625687BC1008EBEB9 /* ClibYASDI */ = {isa = PBXFileReference; lastKnownFileType = folder; name = ClibYASDI; path = "../../C-based Packages/Third-Party-Binaries/ClibYASDI"; sourceTree = "<group>"; };
		DCB5F61F2354ED7D005F610F /* AppIcon.iconset */ = {isa = PBXFileReference; lastKnownFileType = folder.iconset; path = AppIcon.iconset; sourceTree = "<group>"; };
		DCB5F6212354ED7D005F610F /* HAP-Specification-Non-Commercial-Version.pdf */ = {isa = PBXFileReference; lastKnownFileType = image.pdf; path = "HAP-Specification-Non-Commercial-Version.pdf"; sourceTree = "<group>"; };
		DCC01B5725B434BC00984BB5 /* SmartSprinkler.swift */ = {isa = PBXFileReference; lastKnownFileType = sourcecode.swift; path = SmartSprinkler.swift; sourceTree = "<group>"; };
		DCCBA6FC23755BB0002F6854 /* HomeKitServer.swift */ = {isa = PBXFileReference; lastKnownFileType = sourcecode.swift; path = HomeKitServer.swift; sourceTree = "<group>"; };
		DCCBE29B25B8B7D800BAED50 /* ToggleableOutlet.swift */ = {isa = PBXFileReference; lastKnownFileType = sourcecode.swift; path = ToggleableOutlet.swift; sourceTree = "<group>"; };
		DCCC255B25897AB200915AE3 /* neumorphic */ = {isa = PBXFileReference; lastKnownFileType = folder; name = neumorphic; path = "/Users/janverrept/Library/Developer/Xcode/DerivedData/HAPiNest-crukdtrwbewkcmcylhayambkinrt/SourcePackages/checkouts/neumorphic"; sourceTree = "<absolute>"; };
		DCD1230F25ACE01C00060708 /* StatelessGarageDoorOpenerAccessory.swift */ = {isa = PBXFileReference; lastKnownFileType = sourcecode.swift; path = StatelessGarageDoorOpenerAccessory.swift; sourceTree = "<group>"; };
		DCD60D6823B6760000CF2C8A /* HomeKitLogo.png */ = {isa = PBXFileReference; lastKnownFileType = image.png; path = HomeKitLogo.png; sourceTree = "<group>"; };
		DCD6FDBB25D1AD8D0049A3F5 /* ToDo domotica shortterm.md */ = {isa = PBXFileReference; lastKnownFileType = net.daringfireball.markdown; path = "ToDo domotica shortterm.md"; sourceTree = "<group>"; };
		DCD9182223B5715000C81EB5 /* PowerInverter.swift */ = {isa = PBXFileReference; lastKnownFileType = sourcecode.swift; path = PowerInverter.swift; sourceTree = "<group>"; };
		DCDAF5AD24586D2600C279D9 /* SiriDriver */ = {isa = PBXFileReference; lastKnownFileType = folder; name = SiriDriver; path = ../Drivers/SiriDriver; sourceTree = "<group>"; };
		DCFCB79A2381AFEB0066E00B /* Bridge.swift */ = {isa = PBXFileReference; lastKnownFileType = sourcecode.swift; path = Bridge.swift; sourceTree = "<group>"; };
		DCFD428D24FAB5A8000320E0 /* AccessoryDelegate.swift */ = {isa = PBXFileReference; lastKnownFileType = sourcecode.swift; path = AccessoryDelegate.swift; sourceTree = "<group>"; };
/* End PBXFileReference section */

/* Begin PBXFrameworksBuildPhase section */
		DC54B6B82570586D00D9169F /* Frameworks */ = {
			isa = PBXFrameworksBuildPhase;
			buildActionMask = 2147483647;
			files = (
				DC54B6DC2570619800D9169F /* JVCocoa in Frameworks */,
				DC54B6E02570619800D9169F /* MilightDriver in Frameworks */,
				DC54B6E22570619800D9169F /* ModbusDriver in Frameworks */,
				DC54B6D82570619800D9169F /* AppleScriptDriver in Frameworks */,
				DC54B6EC2570619800D9169F /* YASDIDriver in Frameworks */,
				DC54B6DE2570619800D9169F /* LeafDriver in Frameworks */,
				DCFB4E0E258FFE8B007A812D /* Cryptor in Frameworks */,
				DC54B6EA2570619800D9169F /* TizenDriver in Frameworks */,
				DC74B24225C57BFD0039E229 /* LeafDriver in Frameworks */,
				DC54B6E62570619800D9169F /* SiriDriver in Frameworks */,
				DC54B6E82570619800D9169F /* SoftPLC in Frameworks */,
				DC5B1CC225842164004A5FD7 /* HAP in Frameworks */,
				DC54B6E42570619800D9169F /* OpenWeatherReporter in Frameworks */,
			);
			runOnlyForDeploymentPostprocessing = 0;
		};
/* End PBXFrameworksBuildPhase section */

/* Begin PBXGroup section */
		DC06CD182354E42A00C8E9F9 = {
			isa = PBXGroup;
			children = (
				DCD6FDBB25D1AD8D0049A3F5 /* ToDo domotica shortterm.md */,
				DC54B6BD2570586D00D9169F /* HAPiNestApp.swift */,
				DC4D0CCF25ADEE9900F89989 /* Points of attention.md */,
				DC6E461523B75BF8006A3E61 /* ToDo.md */,
				DC06CD232354E42A00C8E9F9 /* HAPiNest */,
				DCA8FA1B25B2FE0900532E4A /* Accessories */,
				DC197C9D24D9A67F00C07E90 /* AccessoryDelegates */,
				DC2D4573256E48C100DF3EC5 /* PLC */,
				DCB5F6182354ED7D005F610F /* Artwork */,
				DCB5F6202354ED7D005F610F /* Documentation */,
				DC2B8D8524DC799E00F159AC /* Shared */,
				DC2B8D8E24DC799F00F159AC /* iOS */,
				DC2B8D9524DC799F00F159AC /* macOS */,
				DC76ED532588405F00824159 /* Shared */,
				DC76ED5C2588406000824159 /* iOS */,
				DC76ED632588406000824159 /* macOS */,
				DC06CD222354E42A00C8E9F9 /* Products */,
				DC601E082405DC9600FE7659 /* Frameworks */,
				DC23DF9A24E835E500DD8371 /* SoftPLC */,
				DC23DF9B24E8379500DD8371 /* ModbusDriver */,
				DC39A15D253E3FB400839AAD /* OpenWeatherReporter */,
				DC3C2E1024A2A90900A824B3 /* AppleScriptDriver */,
				DC3C2E0F24A2A8F400A824B3 /* MilightDriver */,
				DC6F65A0242C0E8F0045B716 /* LeafDriver */,
				DCDAF5AD24586D2600C279D9 /* SiriDriver */,
				DC218A182409A63700494074 /* TizenDriver */,
				DC9BF36D2403255E00B9159F /* YASDIDriver */,
				DCA9CBE625687BC1008EBEB9 /* ClibYASDI */,
				DC72B697245F740300D8045E /* JVCocoa */,
			);
			sourceTree = "<group>";
		};
		DC06CD222354E42A00C8E9F9 /* Products */ = {
			isa = PBXGroup;
			children = (
				DC54B6BB2570586D00D9169F /* HAPiNest.app */,
			);
			name = Products;
			sourceTree = "<group>";
		};
		DC06CD232354E42A00C8E9F9 /* HAPiNest */ = {
			isa = PBXGroup;
			children = (
				DC4D6DD325710B410087E51D /* MainConfiguration.swift */,
				DC54B6BF2570586D00D9169F /* DashboardView.swift */,
				DC54B6C62570586E00D9169F /* Info.plist */,
				DC54B6C72570586E00D9169F /* HAPiNest.entitlements */,
				DC54B6C12570586E00D9169F /* Assets.xcassets */,
				DC4E82B625AD93FA00A6043E /* Preview Content */,
				DC2D4572256E486D00DF3EC5 /* HomekitServer */,
			);
			path = HAPiNest;
			sourceTree = "<group>";
		};
		DC197C9D24D9A67F00C07E90 /* AccessoryDelegates */ = {
			isa = PBXGroup;
			children = (
				DCFD428D24FAB5A8000320E0 /* AccessoryDelegate.swift */,
				DC197CAA24D9A74300C07E90 /* MilightDelegate.swift */,
				DC5A4C2324D9A952001CF95B /* TizenDelegate.swift */,
				DCD122F825ACD5E100060708 /* Deprecated Delegates */,
			);
			path = AccessoryDelegates;
			sourceTree = "<group>";
		};
		DC23DF8B24E73F5500DD8371 /* PLC Functionality */ = {
			isa = PBXGroup;
			children = (
				DC8B28F42597C77B00266BD3 /* PulsOperatedCircuit.swift */,
				DC23DF8C24E73F8600DD8371 /* DimmableLight.swift */,
				DC9EFF2024F312F0001B70EE /* GarageDoor.swift */,
				DC23DF9224E7400D00DD8371 /* Outlet.swift */,
				DC23DF8E24E73FB900DD8371 /* Light.swift */,
				DC9EFF2224F3131F001B70EE /* DoorLock.swift */,
				DC23DF9024E73FE300DD8371 /* WindowCovering.swift */,
				DCCBE29B25B8B7D800BAED50 /* ToggleableOutlet.swift */,
				DCDBFCA825B6493D0039D938 /* ToDo */,
			);
			path = "PLC Functionality";
			sourceTree = "<group>";
		};
		DC2B8D8524DC799E00F159AC /* Shared */ = {
			isa = PBXGroup;
			children = (
				DC2B8D8624DC799E00F159AC /* HomekitConfiguratorApp.swift */,
				DC2B8D8724DC799E00F159AC /* ContentView.swift */,
				DC2B8D8824DC799F00F159AC /* Assets.xcassets */,
			);
			path = Shared;
			sourceTree = "<group>";
		};
		DC2B8D8E24DC799F00F159AC /* iOS */ = {
			isa = PBXGroup;
			children = (
				DC2B8D8F24DC799F00F159AC /* Info.plist */,
			);
			path = iOS;
			sourceTree = "<group>";
		};
		DC2B8D9524DC799F00F159AC /* macOS */ = {
			isa = PBXGroup;
			children = (
				DC2B8D9624DC799F00F159AC /* Info.plist */,
				DC2B8D9724DC799F00F159AC /* macOS.entitlements */,
			);
			path = macOS;
			sourceTree = "<group>";
		};
		DC2D4572256E486D00DF3EC5 /* HomekitServer */ = {
			isa = PBXGroup;
			children = (
				DCCBA6FC23755BB0002F6854 /* HomeKitServer.swift */,
				DC3626EF256D9B0800F0AC35 /* ServerView.swift */,
				DCFCB79A2381AFEB0066E00B /* Bridge.swift */,
			);
			path = HomekitServer;
			sourceTree = "<group>";
		};
		DC2D4573256E48C100DF3EC5 /* PLC */ = {
			isa = PBXGroup;
			children = (
				DC23DF9424E7499A00DD8371 /* PLCConfiguration.swift */,
				DC23DF8B24E73F5500DD8371 /* PLC Functionality */,
			);
			path = PLC;
			sourceTree = "<group>";
		};
		DC4E82B625AD93FA00A6043E /* Preview Content */ = {
			isa = PBXGroup;
			children = (
				DC4E82B725AD93FA00A6043E /* Preview Assets.xcassets */,
			);
			name = "Preview Content";
			path = "HAPiNest/Preview Content";
			sourceTree = SOURCE_ROOT;
		};
		DC601E082405DC9600FE7659 /* Frameworks */ = {
			isa = PBXGroup;
			children = (
				DCCC255B25897AB200915AE3 /* neumorphic */,
				DC2B8DA524DC79B600F159AC /* HomeKit.framework */,
			);
			name = Frameworks;
			sourceTree = "<group>";
		};
		DC76ED532588405F00824159 /* Shared */ = {
			isa = PBXGroup;
			children = (
				DC76ED542588405F00824159 /* HAPiNestMPApp.swift */,
				DC76ED552588405F00824159 /* ContentView.swift */,
				DC76ED562588406000824159 /* Assets.xcassets */,
			);
			path = Shared;
			sourceTree = "<group>";
		};
		DC76ED5C2588406000824159 /* iOS */ = {
			isa = PBXGroup;
			children = (
				DC76ED5D2588406000824159 /* Info.plist */,
			);
			path = iOS;
			sourceTree = "<group>";
		};
		DC76ED632588406000824159 /* macOS */ = {
			isa = PBXGroup;
			children = (
				DC76ED642588406000824159 /* Info.plist */,
				DC76ED652588406000824159 /* macOS.entitlements */,
			);
			path = macOS;
			sourceTree = "<group>";
		};
		DCA8FA1B25B2FE0900532E4A /* Accessories */ = {
			isa = PBXGroup;
			children = (
				DC746D7225ACA97A00B33314 /* SprinklerAccessory.swift */,
				DCD1230F25ACE01C00060708 /* StatelessGarageDoorOpenerAccessory.swift */,
			);
			path = Accessories;
			sourceTree = "<group>";
		};
		DCB5F6182354ED7D005F610F /* Artwork */ = {
			isa = PBXGroup;
			children = (
				DCD60D6723B675DF00CF2C8A /* Homekit */,
				DCB5F61E2354ED7D005F610F /* Iconset */,
			);
			path = Artwork;
			sourceTree = "<group>";
		};
		DCB5F61E2354ED7D005F610F /* Iconset */ = {
			isa = PBXGroup;
			children = (
				DCB5F61F2354ED7D005F610F /* AppIcon.iconset */,
			);
			path = Iconset;
			sourceTree = "<group>";
		};
		DCB5F6202354ED7D005F610F /* Documentation */ = {
			isa = PBXGroup;
			children = (
				DCB5F6212354ED7D005F610F /* HAP-Specification-Non-Commercial-Version.pdf */,
			);
			path = Documentation;
			sourceTree = "<group>";
		};
		DCD122F825ACD5E100060708 /* Deprecated Delegates */ = {
			isa = PBXGroup;
			children = (
				DC54FA9C25B1207D00F9334C /* YASDIaccessory.swift */,
				DC197CA124D9A67F00C07E90 /* SiriDriver.swift */,
				DC9A493F253F97820041DF0B /* SmartSprinklerDriver.swift */,
				DCD9182223B5715000C81EB5 /* PowerInverter.swift */,
				DC197CA024D9A67F00C07E90 /* YASDIDelegate.swift */,
				DC197CA324D9A67F00C07E90 /* AppleScriptDriver.swift */,
				DC23DF8924E7322300DD8371 /* LeafDelegate.swift */,
			);
			path = "Deprecated Delegates";
			sourceTree = "<group>";
		};
		DCD60D6723B675DF00CF2C8A /* Homekit */ = {
			isa = PBXGroup;
			children = (
				DC53018A23B7CC7300982C43 /* homekit-180.png */,
				DCD60D6823B6760000CF2C8A /* HomeKitLogo.png */,
			);
			path = Homekit;
			sourceTree = "<group>";
		};
		DCDBFCA825B6493D0039D938 /* ToDo */ = {
			isa = PBXGroup;
			children = (
				DCC01B5725B434BC00984BB5 /* SmartSprinkler.swift */,
				DC8D0F68259DAA6A00DD04E4 /* Switch.swift */,
			);
			path = ToDo;
			sourceTree = "<group>";
		};
/* End PBXGroup section */

/* Begin PBXNativeTarget section */
		DC54B6BA2570586D00D9169F /* HAPiNest */ = {
			isa = PBXNativeTarget;
			buildConfigurationList = DC54B6CA2570586E00D9169F /* Build configuration list for PBXNativeTarget "HAPiNest" */;
			buildPhases = (
				DC54B6B72570586D00D9169F /* Sources */,
				DC54B6B82570586D00D9169F /* Frameworks */,
				DC54B6B92570586D00D9169F /* Resources */,
			);
			buildRules = (
			);
			dependencies = (
			);
			name = HAPiNest;
			packageProductDependencies = (
				DC54B6D72570619800D9169F /* AppleScriptDriver */,
				DC54B6DB2570619800D9169F /* JVCocoa */,
				DC54B6DD2570619800D9169F /* LeafDriver */,
				DC54B6DF2570619800D9169F /* MilightDriver */,
				DC54B6E12570619800D9169F /* ModbusDriver */,
				DC54B6E32570619800D9169F /* OpenWeatherReporter */,
				DC54B6E52570619800D9169F /* SiriDriver */,
				DC54B6E72570619800D9169F /* SoftPLC */,
				DC54B6E92570619800D9169F /* TizenDriver */,
				DC54B6EB2570619800D9169F /* YASDIDriver */,
				DC5B1CC125842164004A5FD7 /* HAP */,
				DCFB4E0D258FFE8B007A812D /* Cryptor */,
				DC74B24125C57BFD0039E229 /* LeafDriver */,
			);
			productName = HAPiNest2;
			productReference = DC54B6BB2570586D00D9169F /* HAPiNest.app */;
			productType = "com.apple.product-type.application";
		};
/* End PBXNativeTarget section */

/* Begin PBXProject section */
		DC06CD192354E42A00C8E9F9 /* Project object */ = {
			isa = PBXProject;
			attributes = {
				LastSwiftUpdateCheck = 1220;
				LastUpgradeCheck = 1240;
				ORGANIZATIONNAME = "Jan Verrept";
				TargetAttributes = {
					DC54B6BA2570586D00D9169F = {
						CreatedOnToolsVersion = 12.2;
					};
				};
			};
			buildConfigurationList = DC06CD1C2354E42A00C8E9F9 /* Build configuration list for PBXProject "HAPiNest" */;
			compatibilityVersion = "Xcode 11.0";
			developmentRegion = en;
			hasScannedForEncodings = 0;
			knownRegions = (
				en,
				Base,
			);
			mainGroup = DC06CD182354E42A00C8E9F9;
			packageReferences = (
				DCE471C52390386B0059036D /* XCRemoteSwiftPackageReference "MilightDriver" */,
				DC6BC8CA2390466800BD9445 /* XCRemoteSwiftPackageReference "AppleScriptDriver" */,
				DC6BC8CD2390480500BD9445 /* XCRemoteSwiftPackageReference "SiriDriver" */,
				DC0F906D23F7F19C005567A9 /* XCRemoteSwiftPackageReference "YASDIDriver" */,
				DC218A192409B27E00494074 /* XCRemoteSwiftPackageReference "TizenDriver" */,
				DC23DF9724E7D26100DD8371 /* XCRemoteSwiftPackageReference "SoftPLC" */,
				DC089BCD253E578900057C65 /* XCRemoteSwiftPackageReference "OpenWeatherReporter" */,
				DC5B1CC025842164004A5FD7 /* XCRemoteSwiftPackageReference "HAP" */,
				DCFB4E0C258FFE8B007A812D /* XCRemoteSwiftPackageReference "BlueCryptor" */,
				DC74B24025C57BFD0039E229 /* XCRemoteSwiftPackageReference "LeafDriver" */,
			);
			productRefGroup = DC06CD222354E42A00C8E9F9 /* Products */;
			projectDirPath = "";
			projectRoot = "";
			targets = (
				DC54B6BA2570586D00D9169F /* HAPiNest */,
			);
		};
/* End PBXProject section */

/* Begin PBXResourcesBuildPhase section */
		DC54B6B92570586D00D9169F /* Resources */ = {
			isa = PBXResourcesBuildPhase;
			buildActionMask = 2147483647;
			files = (
				DC4E82B825AD93FA00A6043E /* Preview Assets.xcassets in Resources */,
				DC54B6C22570586E00D9169F /* Assets.xcassets in Resources */,
			);
			runOnlyForDeploymentPostprocessing = 0;
		};
/* End PBXResourcesBuildPhase section */

/* Begin PBXSourcesBuildPhase section */
		DC54B6B72570586D00D9169F /* Sources */ = {
			isa = PBXSourcesBuildPhase;
			buildActionMask = 2147483647;
			files = (
				DC4D6DF125713CE10087E51D /* Outlet.swift in Sources */,
				DC4D6E0B25713E6F0087E51D /* TizenDelegate.swift in Sources */,
				DC54B6C02570586D00D9169F /* DashboardView.swift in Sources */,
				DC54B6FD2570686D00D9169F /* PLCConfiguration.swift in Sources */,
				DC4D6DE825713CD70087E51D /* WindowCovering.swift in Sources */,
				DC4D6DEE25713CDE0087E51D /* DoorLock.swift in Sources */,
				DCD1231025ACE01C00060708 /* StatelessGarageDoorOpenerAccessory.swift in Sources */,
				DC4D6DF425713D2F0087E51D /* SmartSprinklerDriver.swift in Sources */,
				DC54B6BE2570586D00D9169F /* HAPiNestApp.swift in Sources */,
				DC4D6DFA25713D350087E51D /* AppleScriptDriver.swift in Sources */,
				DC54B6F72570628E00D9169F /* ServerView.swift in Sources */,
				DC746D7325ACA97A00B33314 /* SprinklerAccessory.swift in Sources */,
				DC8D0F69259DAA6A00DD04E4 /* Switch.swift in Sources */,
				DCCBE29C25B8B7D800BAED50 /* ToggleableOutlet.swift in Sources */,
				DC54FA9D25B1207D00F9334C /* YASDIaccessory.swift in Sources */,
				DC54B6F42570628B00D9169F /* HomeKitServer.swift in Sources */,
				DC4D6DE225713CD00087E51D /* DimmableLight.swift in Sources */,
				DC4D6E1425713E870087E51D /* PowerInverter.swift in Sources */,
				DC4D6DEB25713CDA0087E51D /* GarageDoor.swift in Sources */,
				DC4D6DE525713CD40087E51D /* Light.swift in Sources */,
				DC8B28F52597C77B00266BD3 /* PulsOperatedCircuit.swift in Sources */,
				DCC01B5825B434BC00984BB5 /* SmartSprinkler.swift in Sources */,
				DC4D6E0025713D3C0087E51D /* YASDIDelegate.swift in Sources */,
				DC54B6F12570628700D9169F /* Bridge.swift in Sources */,
				DC4D6DDF25713CCD0087E51D /* AccessoryDelegate.swift in Sources */,
				DC4D6DF725713D320087E51D /* SiriDriver.swift in Sources */,
				DC4D6DD425710B410087E51D /* MainConfiguration.swift in Sources */,
				DC4D6E0E25713E720087E51D /* MilightDelegate.swift in Sources */,
				DC4D6DFD25713D390087E51D /* LeafDelegate.swift in Sources */,
			);
			runOnlyForDeploymentPostprocessing = 0;
		};
/* End PBXSourcesBuildPhase section */

/* Begin XCBuildConfiguration section */
		DC06CD322354E42B00C8E9F9 /* Debug */ = {
			isa = XCBuildConfiguration;
			buildSettings = {
				ALWAYS_SEARCH_USER_PATHS = NO;
				ARCHS = x86_64;
				ASSETCATALOG_COMPILER_OPTIMIZATION = "";
				CLANG_ANALYZER_NONNULL = YES;
				CLANG_ANALYZER_NUMBER_OBJECT_CONVERSION = YES_AGGRESSIVE;
				CLANG_CXX_LANGUAGE_STANDARD = "gnu++14";
				CLANG_CXX_LIBRARY = $inherited;
				CLANG_ENABLE_MODULES = YES;
				CLANG_ENABLE_OBJC_ARC = YES;
				CLANG_ENABLE_OBJC_WEAK = YES;
				CLANG_WARN_BLOCK_CAPTURE_AUTORELEASING = YES;
				CLANG_WARN_BOOL_CONVERSION = YES;
				CLANG_WARN_COMMA = YES;
				CLANG_WARN_CONSTANT_CONVERSION = YES;
				CLANG_WARN_DEPRECATED_OBJC_IMPLEMENTATIONS = YES;
				CLANG_WARN_DIRECT_OBJC_ISA_USAGE = YES_ERROR;
				CLANG_WARN_DOCUMENTATION_COMMENTS = YES;
				CLANG_WARN_EMPTY_BODY = YES;
				CLANG_WARN_ENUM_CONVERSION = YES;
				CLANG_WARN_INFINITE_RECURSION = YES;
				CLANG_WARN_INT_CONVERSION = YES;
				CLANG_WARN_NON_LITERAL_NULL_CONVERSION = YES;
				CLANG_WARN_OBJC_IMPLICIT_RETAIN_SELF = YES;
				CLANG_WARN_OBJC_LITERAL_CONVERSION = YES;
				CLANG_WARN_OBJC_ROOT_CLASS = YES_ERROR;
				CLANG_WARN_QUOTED_INCLUDE_IN_FRAMEWORK_HEADER = YES;
				CLANG_WARN_RANGE_LOOP_ANALYSIS = YES;
				CLANG_WARN_STRICT_PROTOTYPES = YES;
				CLANG_WARN_SUSPICIOUS_MOVE = YES;
				CLANG_WARN_UNGUARDED_AVAILABILITY = YES_AGGRESSIVE;
				CLANG_WARN_UNREACHABLE_CODE = YES;
				CLANG_WARN__DUPLICATE_METHOD_MATCH = YES;
				CODE_SIGN_IDENTITY = "Mac Developer";
				COPY_PHASE_STRIP = NO;
				DEBUG_INFORMATION_FORMAT = dwarf;
				DEVELOPMENT_TEAM = 5G3AJTSDZ7;
				DISABLE_DIAMOND_PROBLEM_DIAGNOSTIC = YES;
				ENABLE_NS_ASSERTIONS = YES;
				ENABLE_PREVIEWS = YES;
				ENABLE_STRICT_OBJC_MSGSEND = YES;
				ENABLE_TESTABILITY = YES;
				GCC_C_LANGUAGE_STANDARD = gnu11;
				GCC_DYNAMIC_NO_PIC = NO;
				GCC_NO_COMMON_BLOCKS = YES;
				GCC_OPTIMIZATION_LEVEL = 3;
				GCC_PREPROCESSOR_DEFINITIONS = (
					"DEBUG=1",
					"$(inherited)",
				);
				GCC_WARN_64_TO_32_BIT_CONVERSION = YES;
				GCC_WARN_ABOUT_RETURN_TYPE = YES_ERROR;
				GCC_WARN_UNDECLARED_SELECTOR = YES;
				GCC_WARN_UNINITIALIZED_AUTOS = YES_AGGRESSIVE;
				GCC_WARN_UNUSED_FUNCTION = YES;
				GCC_WARN_UNUSED_VARIABLE = YES;
				LD_RUNPATH_SEARCH_PATHS = /usr/local/lib/;
				LIBRARY_SEARCH_PATHS = /usr/local/lib/;
				MACOSX_DEPLOYMENT_TARGET = 11.0;
				MTL_ENABLE_DEBUG_INFO = INCLUDE_SOURCE;
				MTL_FAST_MATH = YES;
				ONLY_ACTIVE_ARCH = YES;
				OTHER_LDFLAGS = "";
				SDKROOT = macosx;
				SWIFT_ACTIVE_COMPILATION_CONDITIONS = DEBUG;
				SWIFT_OPTIMIZATION_LEVEL = "-Onone";
				SWIFT_PRECOMPILE_BRIDGING_HEADER = YES;
				SWIFT_VERSION = 5.0;
			};
			name = Debug;
		};
		DC06CD332354E42B00C8E9F9 /* Release */ = {
			isa = XCBuildConfiguration;
			buildSettings = {
				ALWAYS_SEARCH_USER_PATHS = NO;
				ARCHS = x86_64;
				ASSETCATALOG_COMPILER_OPTIMIZATION = "";
				CLANG_ANALYZER_NONNULL = YES;
				CLANG_ANALYZER_NUMBER_OBJECT_CONVERSION = YES_AGGRESSIVE;
				CLANG_CXX_LANGUAGE_STANDARD = "gnu++14";
				CLANG_CXX_LIBRARY = $inherited;
				CLANG_ENABLE_MODULES = YES;
				CLANG_ENABLE_OBJC_ARC = YES;
				CLANG_ENABLE_OBJC_WEAK = YES;
				CLANG_WARN_BLOCK_CAPTURE_AUTORELEASING = YES;
				CLANG_WARN_BOOL_CONVERSION = YES;
				CLANG_WARN_COMMA = YES;
				CLANG_WARN_CONSTANT_CONVERSION = YES;
				CLANG_WARN_DEPRECATED_OBJC_IMPLEMENTATIONS = YES;
				CLANG_WARN_DIRECT_OBJC_ISA_USAGE = YES_ERROR;
				CLANG_WARN_DOCUMENTATION_COMMENTS = YES;
				CLANG_WARN_EMPTY_BODY = YES;
				CLANG_WARN_ENUM_CONVERSION = YES;
				CLANG_WARN_INFINITE_RECURSION = YES;
				CLANG_WARN_INT_CONVERSION = YES;
				CLANG_WARN_NON_LITERAL_NULL_CONVERSION = YES;
				CLANG_WARN_OBJC_IMPLICIT_RETAIN_SELF = YES;
				CLANG_WARN_OBJC_LITERAL_CONVERSION = YES;
				CLANG_WARN_OBJC_ROOT_CLASS = YES_ERROR;
				CLANG_WARN_QUOTED_INCLUDE_IN_FRAMEWORK_HEADER = YES;
				CLANG_WARN_RANGE_LOOP_ANALYSIS = YES;
				CLANG_WARN_STRICT_PROTOTYPES = YES;
				CLANG_WARN_SUSPICIOUS_MOVE = YES;
				CLANG_WARN_UNGUARDED_AVAILABILITY = YES_AGGRESSIVE;
				CLANG_WARN_UNREACHABLE_CODE = YES;
				CLANG_WARN__DUPLICATE_METHOD_MATCH = YES;
				CODE_SIGN_IDENTITY = "Mac Developer";
				COPY_PHASE_STRIP = NO;
				DEBUG_INFORMATION_FORMAT = "dwarf-with-dsym";
				DEVELOPMENT_TEAM = 5G3AJTSDZ7;
				DISABLE_DIAMOND_PROBLEM_DIAGNOSTIC = YES;
				ENABLE_NS_ASSERTIONS = NO;
				ENABLE_PREVIEWS = YES;
				ENABLE_STRICT_OBJC_MSGSEND = YES;
				GCC_C_LANGUAGE_STANDARD = gnu11;
				GCC_NO_COMMON_BLOCKS = YES;
				GCC_OPTIMIZATION_LEVEL = 0;
				GCC_WARN_64_TO_32_BIT_CONVERSION = YES;
				GCC_WARN_ABOUT_RETURN_TYPE = YES_ERROR;
				GCC_WARN_UNDECLARED_SELECTOR = YES;
				GCC_WARN_UNINITIALIZED_AUTOS = YES_AGGRESSIVE;
				GCC_WARN_UNUSED_FUNCTION = YES;
				GCC_WARN_UNUSED_VARIABLE = YES;
				LD_RUNPATH_SEARCH_PATHS = /usr/local/lib/;
				LIBRARY_SEARCH_PATHS = /usr/local/lib/;
				MACOSX_DEPLOYMENT_TARGET = 11.0;
				MTL_ENABLE_DEBUG_INFO = NO;
				MTL_FAST_MATH = YES;
				ONLY_ACTIVE_ARCH = YES;
				SDKROOT = macosx;
				SWIFT_OPTIMIZATION_LEVEL = "-Onone";
				SWIFT_PRECOMPILE_BRIDGING_HEADER = YES;
				SWIFT_VERSION = 5.0;
			};
			name = Release;
		};
		DC54B6C82570586E00D9169F /* Debug */ = {
			isa = XCBuildConfiguration;
			buildSettings = {
				ASSETCATALOG_COMPILER_APPICON_NAME = AppIcon;
				ASSETCATALOG_COMPILER_GLOBAL_ACCENT_COLOR_NAME = AccentColor;
				CLANG_CXX_LIBRARY = "libc++";
				CODE_SIGN_ENTITLEMENTS = HAPiNest/HAPiNest.entitlements;
				CODE_SIGN_IDENTITY = "Mac Developer";
				CODE_SIGN_STYLE = Automatic;
				COMBINE_HIDPI_IMAGES = YES;
				DEVELOPMENT_ASSET_PATHS = "HAPiNest/Preview\\ Content";
				DEVELOPMENT_TEAM = 5G3AJTSDZ7;
				ENABLE_HARDENED_RUNTIME = YES;
				ENABLE_PREVIEWS = YES;
				GCC_OPTIMIZATION_LEVEL = 0;
				INFOPLIST_FILE = HAPiNest/Info.plist;
				LD_RUNPATH_SEARCH_PATHS = (
					"$(inherited)",
					"@executable_path/../Frameworks",
				);
				MACOSX_DEPLOYMENT_TARGET = 11.0;
				PRODUCT_BUNDLE_IDENTIFIER = be.oneclick.HAPiNest;
				PRODUCT_NAME = "$(TARGET_NAME)";
				PROVISIONING_PROFILE_SPECIFIER = "";
				SWIFT_VERSION = 5.0;
			};
			name = Debug;
		};
		DC54B6C92570586E00D9169F /* Release */ = {
			isa = XCBuildConfiguration;
			buildSettings = {
				ASSETCATALOG_COMPILER_APPICON_NAME = AppIcon;
				ASSETCATALOG_COMPILER_GLOBAL_ACCENT_COLOR_NAME = AccentColor;
				CLANG_CXX_LIBRARY = "libc++";
				CODE_SIGN_ENTITLEMENTS = HAPiNest/HAPiNest.entitlements;
				CODE_SIGN_IDENTITY = "Mac Developer";
				CODE_SIGN_STYLE = Automatic;
				COMBINE_HIDPI_IMAGES = YES;
				DEVELOPMENT_ASSET_PATHS = "HAPiNest/Preview\\ Content";
				DEVELOPMENT_TEAM = 5G3AJTSDZ7;
				ENABLE_HARDENED_RUNTIME = YES;
				ENABLE_PREVIEWS = YES;
				INFOPLIST_FILE = HAPiNest/Info.plist;
				LD_RUNPATH_SEARCH_PATHS = (
					"$(inherited)",
					"@executable_path/../Frameworks",
				);
				MACOSX_DEPLOYMENT_TARGET = 11.0;
				PRODUCT_BUNDLE_IDENTIFIER = be.oneclick.HAPiNest;
				PRODUCT_NAME = "$(TARGET_NAME)";
				PROVISIONING_PROFILE_SPECIFIER = "";
				SWIFT_COMPILATION_MODE = wholemodule;
				SWIFT_OPTIMIZATION_LEVEL = "-O";
				SWIFT_VERSION = 5.0;
			};
			name = Release;
		};
/* End XCBuildConfiguration section */

/* Begin XCConfigurationList section */
		DC06CD1C2354E42A00C8E9F9 /* Build configuration list for PBXProject "HAPiNest" */ = {
			isa = XCConfigurationList;
			buildConfigurations = (
				DC06CD322354E42B00C8E9F9 /* Debug */,
				DC06CD332354E42B00C8E9F9 /* Release */,
			);
			defaultConfigurationIsVisible = 0;
			defaultConfigurationName = Release;
		};
		DC54B6CA2570586E00D9169F /* Build configuration list for PBXNativeTarget "HAPiNest" */ = {
			isa = XCConfigurationList;
			buildConfigurations = (
				DC54B6C82570586E00D9169F /* Debug */,
				DC54B6C92570586E00D9169F /* Release */,
			);
			defaultConfigurationIsVisible = 0;
			defaultConfigurationName = Release;
		};
/* End XCConfigurationList section */

/* Begin XCRemoteSwiftPackageReference section */
		DC089BCD253E578900057C65 /* XCRemoteSwiftPackageReference "OpenWeatherReporter" */ = {
			isa = XCRemoteSwiftPackageReference;
			repositoryURL = "https://github.com/TheMisfit68/OpenWeatherReporter.git";
			requirement = {
				branch = master;
				kind = branch;
			};
		};
		DC0F906D23F7F19C005567A9 /* XCRemoteSwiftPackageReference "YASDIDriver" */ = {
			isa = XCRemoteSwiftPackageReference;
			repositoryURL = "https://github.com/TheMisfit68/YASDIDriver.git";
			requirement = {
				branch = master;
				kind = branch;
			};
		};
		DC218A192409B27E00494074 /* XCRemoteSwiftPackageReference "TizenDriver" */ = {
			isa = XCRemoteSwiftPackageReference;
			repositoryURL = "https://github.com/TheMisfit68/TizenDriver.git";
			requirement = {
				branch = master;
				kind = branch;
			};
		};
		DC23DF9724E7D26100DD8371 /* XCRemoteSwiftPackageReference "SoftPLC" */ = {
			isa = XCRemoteSwiftPackageReference;
			repositoryURL = "https://github.com/TheMisfit68/SoftPLC.git";
			requirement = {
				branch = master;
				kind = branch;
			};
		};
		DC5B1CC025842164004A5FD7 /* XCRemoteSwiftPackageReference "HAP" */ = {
			isa = XCRemoteSwiftPackageReference;
			repositoryURL = "https://github.com/Bouke/HAP.git";
			requirement = {
				kind = upToNextMajorVersion;
				minimumVersion = 0.7.0;
			};
		};
		DC6BC8CA2390466800BD9445 /* XCRemoteSwiftPackageReference "AppleScriptDriver" */ = {
			isa = XCRemoteSwiftPackageReference;
			repositoryURL = "https://github.com/TheMisfit68/AppleScriptDriver.git";
			requirement = {
				branch = master;
				kind = branch;
			};
		};
		DC6BC8CD2390480500BD9445 /* XCRemoteSwiftPackageReference "SiriDriver" */ = {
			isa = XCRemoteSwiftPackageReference;
			repositoryURL = "https://github.com/TheMisfit68/SiriDriver.git";
			requirement = {
				branch = master;
				kind = branch;
			};
		};
		DC74B24025C57BFD0039E229 /* XCRemoteSwiftPackageReference "LeafDriver" */ = {
			isa = XCRemoteSwiftPackageReference;
			repositoryURL = "git@github.com:TheMisfit68/LeafDriver.git";
			requirement = {
				branch = master;
				kind = branch;
			};
		};
		DCE471C52390386B0059036D /* XCRemoteSwiftPackageReference "MilightDriver" */ = {
			isa = XCRemoteSwiftPackageReference;
			repositoryURL = "https://github.com/TheMisfit68/MilightDriver.git";
			requirement = {
				branch = master;
				kind = branch;
			};
		};
		DCFB4E0C258FFE8B007A812D /* XCRemoteSwiftPackageReference "BlueCryptor" */ = {
			isa = XCRemoteSwiftPackageReference;
			repositoryURL = "https://github.com/IBM-Swift/BlueCryptor.git";
			requirement = {
				kind = upToNextMajorVersion;
				minimumVersion = 1.0.200;
			};
		};
/* End XCRemoteSwiftPackageReference section */

/* Begin XCSwiftPackageProductDependency section */
		DC54B6D72570619800D9169F /* AppleScriptDriver */ = {
			isa = XCSwiftPackageProductDependency;
			productName = AppleScriptDriver;
		};
		DC54B6DB2570619800D9169F /* JVCocoa */ = {
			isa = XCSwiftPackageProductDependency;
			productName = JVCocoa;
		};
		DC54B6DD2570619800D9169F /* LeafDriver */ = {
			isa = XCSwiftPackageProductDependency;
			productName = LeafDriver;
		};
		DC54B6DF2570619800D9169F /* MilightDriver */ = {
			isa = XCSwiftPackageProductDependency;
			productName = MilightDriver;
		};
		DC54B6E12570619800D9169F /* ModbusDriver */ = {
			isa = XCSwiftPackageProductDependency;
			productName = ModbusDriver;
		};
		DC54B6E32570619800D9169F /* OpenWeatherReporter */ = {
			isa = XCSwiftPackageProductDependency;
			productName = OpenWeatherReporter;
		};
		DC54B6E52570619800D9169F /* SiriDriver */ = {
			isa = XCSwiftPackageProductDependency;
			productName = SiriDriver;
		};
		DC54B6E72570619800D9169F /* SoftPLC */ = {
			isa = XCSwiftPackageProductDependency;
			productName = SoftPLC;
		};
		DC54B6E92570619800D9169F /* TizenDriver */ = {
			isa = XCSwiftPackageProductDependency;
			productName = TizenDriver;
		};
		DC54B6EB2570619800D9169F /* YASDIDriver */ = {
			isa = XCSwiftPackageProductDependency;
			productName = YASDIDriver;
		};
		DC5B1CC125842164004A5FD7 /* HAP */ = {
			isa = XCSwiftPackageProductDependency;
			package = DC5B1CC025842164004A5FD7 /* XCRemoteSwiftPackageReference "HAP" */;
			productName = HAP;
		};
		DC74B24125C57BFD0039E229 /* LeafDriver */ = {
			isa = XCSwiftPackageProductDependency;
			package = DC74B24025C57BFD0039E229 /* XCRemoteSwiftPackageReference "LeafDriver" */;
			productName = LeafDriver;
		};
		DCFB4E0D258FFE8B007A812D /* Cryptor */ = {
			isa = XCSwiftPackageProductDependency;
			package = DCFB4E0C258FFE8B007A812D /* XCRemoteSwiftPackageReference "BlueCryptor" */;
			productName = Cryptor;
		};
/* End XCSwiftPackageProductDependency section */
	};
	rootObject = DC06CD192354E42A00C8E9F9 /* Project object */;
}
